# THIS IS AN AUTOGENERATED FILE. DO NOT EDIT THIS FILE DIRECTLY.
# yarn lockfile v1


less-plugin-variables-output@attilah/less-plugin-variables-output#calllback:
  version "1.2.0"
  resolved "https://codeload.github.com/attilah/less-plugin-variables-output/tar.gz/cedeaaf0bb43e270c7c44454ba614b29e50d18a3"
