
Microsoft Visual Studio Solution File, Format Version 12.00
Project("{FAE04EC0-301F-11D3-BF4B-00C04F79EFBC}") = "ZBBRA", "ZBBRA.csproj", "{B7F973DD-31D8-4635-BCB1-5155E2818ACD}"
EndProject
Project("{FAE04EC0-301F-11D3-BF4B-00C04F79EFBC}") = "Database", "Database\Database.csproj", "{624FCF44-018C-4C3A-A598-7695879FAB56}"
EndProject
Global
	GlobalSection(SolutionConfigurationPlatforms) = preSolution
		Debug|Any CPU = Debug|Any CPU
		Release|Any CPU = Release|Any CPU
	EndGlobalSection
	GlobalSection(ProjectConfigurationPlatforms) = postSolution
		{B7F973DD-31D8-4635-BCB1-5155E2818ACD}.Debug|Any CPU.ActiveCfg = Debug|Any CPU
		{B7F973DD-31D8-4635-BCB1-5155E2818ACD}.Debug|Any CPU.Build.0 = Debug|Any CPU
		{B7F973DD-31D8-4635-BCB1-5155E2818ACD}.Release|Any CPU.ActiveCfg = Release|Any CPU
		{B7F973DD-31D8-4635-BCB1-5155E2818ACD}.Release|Any CPU.Build.0 = Release|Any CPU
		{624FCF44-018C-4C3A-A598-7695879FAB56}.Debug|Any CPU.ActiveCfg = Debug|Any CPU
		{624FCF44-018C-4C3A-A598-7695879FAB56}.Debug|Any CPU.Build.0 = Debug|Any CPU
		{624FCF44-018C-4C3A-A598-7695879FAB56}.Release|Any CPU.ActiveCfg = Release|Any CPU
		{624FCF44-018C-4C3A-A598-7695879FAB56}.Release|Any CPU.Build.0 = Release|Any CPU
	EndGlobalSection
EndGlobal
